
Microsoft Visual Studio Solution File, Format Version 12.00
# Visual Studio Version 17
VisualStudioVersion = 17.4.33122.133
MinimumVisualStudioVersion = 10.0.40219.1
Project("{9A19103F-16F7-4668-BE54-9A1E7A4F7556}") = "BARAZAIS", "BARAZAIS.csproj", "{620C61C7-5FDE-4254-8CDC-26FDB7296CE1}"
EndProject
Global
	GlobalSection(SolutionConfigurationPlatforms) = preSolution
		Debug|Any CPU = Debug|Any CPU
		Release|Any CPU = Release|Any CPU
	EndGlobalSection
	GlobalSection(ProjectConfigurationPlatforms) = postSolution
		{620C61C7-5FDE-4254-8CDC-26FDB7296CE1}.Debug|Any CPU.ActiveCfg = Debug|Any CPU
		{620C61C7-5FDE-4254-8CDC-26FDB7296CE1}.Debug|Any CPU.Build.0 = Debug|Any CPU
		{620C61C7-5FDE-4254-8CDC-26FDB7296CE1}.Release|Any CPU.ActiveCfg = Release|Any CPU
		{620C61C7-5FDE-4254-8CDC-26FDB7296CE1}.Release|Any CPU.Build.0 = Release|Any CPU
	EndGlobalSection
	GlobalSection(SolutionProperties) = preSolution
		HideSolutionNode = FALSE
	EndGlobalSection
	GlobalSection(ExtensibilityGlobals) = postSolution
		SolutionGuid = {4C51FC49-DE3D-49F2-8521-0922A95AD610}
	EndGlobalSection
EndGlobal
